
Microsoft Visual Studio Solution File, Format Version 12.00
# Visual Studio Version 16
VisualStudioVersion = 16.0.28902.138
MinimumVisualStudioVersion = 10.0.40219.1
Project("{2150E333-8FDC-42A3-9474-1A3956D46DE8}") = "src", "src", "{CE2158F6-B13C-4C65-A3A9-4C1DF395A839}"
EndProject
Project("{2150E333-8FDC-42A3-9474-1A3956D46DE8}") = "tests", "tests", "{D6A2AC01-DD84-4DC2-9BCA-DDAB85F80402}"
EndProject
Project("{9A19103F-16F7-4668-BE54-9A1E7A4F7556}") = "Product.API", "src\services\Product.API\Product.API.csproj", "{7A0C24E0-751D-438F-BE83-9AA5BDB10BA8}"
EndProject
Project("{2150E333-8FDC-42A3-9474-1A3956D46DE8}") = "services", "services", "{CE703277-4725-4D5D-8160-2635BC5D120A}"
EndProject
Project("{2150E333-8FDC-42A3-9474-1A3956D46DE8}") = "sharedKernel", "sharedKernel", "{A3E7F8A8-3426-496C-AE92-E007342282E3}"
EndProject
Project("{9A19103F-16F7-4668-BE54-9A1E7A4F7556}") = "MessageQueueProvider", "src\sharedKernel\MessageQueueProvider\MessageQueueProvider.csproj", "{C7A2ED20-4237-4974-BFA0-3238668F935D}"
EndProject
Project("{9A19103F-16F7-4668-BE54-9A1E7A4F7556}") = "Extensions", "src\sharedKernel\Extensions\Extensions.csproj", "{B094E984-1827-4985-8AAA-C943FF774567}"
EndProject
Project("{9A19103F-16F7-4668-BE54-9A1E7A4F7556}") = "Write.API", "src\services\Write.API\Write.API.csproj", "{FE45765C-1E08-4807-91D6-156DC7CFDEF1}"
EndProject
Project("{9A19103F-16F7-4668-BE54-9A1E7A4F7556}") = "Search.API", "src\services\Search.API\Search.API.csproj", "{EEF0D308-DD14-4510-AC1D-E24B5855F045}"
EndProject
Project("{9A19103F-16F7-4668-BE54-9A1E7A4F7556}") = "DataAccessLayer", "src\sharedKernel\DataAccessLayer\DataAccessLayer.csproj", "{3D113E03-C2D7-4721-9983-83542DE7D6F5}"
EndProject
Project("{9A19103F-16F7-4668-BE54-9A1E7A4F7556}") = "Read.API", "src\services\Read.API\Read.API.csproj", "{B47A3281-C102-49E7-B192-EFFFEB85743E}"
EndProject
Project("{FAE04EC0-301F-11D3-BF4B-00C04F79EFBC}") = "CacheLayer", "src\sharedKernel\CacheLayer\CacheLayer.csproj", "{C2E54AEF-1119-485B-A26E-2F7977FD91B7}"
EndProject
Global
	GlobalSection(SolutionConfigurationPlatforms) = preSolution
		Debug|Any CPU = Debug|Any CPU
		Release|Any CPU = Release|Any CPU
	EndGlobalSection
	GlobalSection(ProjectConfigurationPlatforms) = postSolution
		{7A0C24E0-751D-438F-BE83-9AA5BDB10BA8}.Debug|Any CPU.ActiveCfg = Debug|Any CPU
		{7A0C24E0-751D-438F-BE83-9AA5BDB10BA8}.Debug|Any CPU.Build.0 = Debug|Any CPU
		{7A0C24E0-751D-438F-BE83-9AA5BDB10BA8}.Release|Any CPU.ActiveCfg = Release|Any CPU
		{7A0C24E0-751D-438F-BE83-9AA5BDB10BA8}.Release|Any CPU.Build.0 = Release|Any CPU
		{C7A2ED20-4237-4974-BFA0-3238668F935D}.Debug|Any CPU.ActiveCfg = Debug|Any CPU
		{C7A2ED20-4237-4974-BFA0-3238668F935D}.Debug|Any CPU.Build.0 = Debug|Any CPU
		{C7A2ED20-4237-4974-BFA0-3238668F935D}.Release|Any CPU.ActiveCfg = Release|Any CPU
		{C7A2ED20-4237-4974-BFA0-3238668F935D}.Release|Any CPU.Build.0 = Release|Any CPU
		{B094E984-1827-4985-8AAA-C943FF774567}.Debug|Any CPU.ActiveCfg = Debug|Any CPU
		{B094E984-1827-4985-8AAA-C943FF774567}.Debug|Any CPU.Build.0 = Debug|Any CPU
		{B094E984-1827-4985-8AAA-C943FF774567}.Release|Any CPU.ActiveCfg = Release|Any CPU
		{B094E984-1827-4985-8AAA-C943FF774567}.Release|Any CPU.Build.0 = Release|Any CPU
		{FE45765C-1E08-4807-91D6-156DC7CFDEF1}.Debug|Any CPU.ActiveCfg = Debug|Any CPU
		{FE45765C-1E08-4807-91D6-156DC7CFDEF1}.Debug|Any CPU.Build.0 = Debug|Any CPU
		{FE45765C-1E08-4807-91D6-156DC7CFDEF1}.Release|Any CPU.ActiveCfg = Release|Any CPU
		{FE45765C-1E08-4807-91D6-156DC7CFDEF1}.Release|Any CPU.Build.0 = Release|Any CPU
		{EEF0D308-DD14-4510-AC1D-E24B5855F045}.Debug|Any CPU.ActiveCfg = Debug|Any CPU
		{EEF0D308-DD14-4510-AC1D-E24B5855F045}.Debug|Any CPU.Build.0 = Debug|Any CPU
		{EEF0D308-DD14-4510-AC1D-E24B5855F045}.Release|Any CPU.ActiveCfg = Release|Any CPU
		{EEF0D308-DD14-4510-AC1D-E24B5855F045}.Release|Any CPU.Build.0 = Release|Any CPU
		{3D113E03-C2D7-4721-9983-83542DE7D6F5}.Debug|Any CPU.ActiveCfg = Debug|Any CPU
		{3D113E03-C2D7-4721-9983-83542DE7D6F5}.Debug|Any CPU.Build.0 = Debug|Any CPU
		{3D113E03-C2D7-4721-9983-83542DE7D6F5}.Release|Any CPU.ActiveCfg = Release|Any CPU
		{3D113E03-C2D7-4721-9983-83542DE7D6F5}.Release|Any CPU.Build.0 = Release|Any CPU
		{B47A3281-C102-49E7-B192-EFFFEB85743E}.Debug|Any CPU.ActiveCfg = Debug|Any CPU
		{B47A3281-C102-49E7-B192-EFFFEB85743E}.Debug|Any CPU.Build.0 = Debug|Any CPU
		{B47A3281-C102-49E7-B192-EFFFEB85743E}.Release|Any CPU.ActiveCfg = Release|Any CPU
		{B47A3281-C102-49E7-B192-EFFFEB85743E}.Release|Any CPU.Build.0 = Release|Any CPU
		{C2E54AEF-1119-485B-A26E-2F7977FD91B7}.Debug|Any CPU.ActiveCfg = Debug|Any CPU
		{C2E54AEF-1119-485B-A26E-2F7977FD91B7}.Debug|Any CPU.Build.0 = Debug|Any CPU
		{C2E54AEF-1119-485B-A26E-2F7977FD91B7}.Release|Any CPU.ActiveCfg = Release|Any CPU
		{C2E54AEF-1119-485B-A26E-2F7977FD91B7}.Release|Any CPU.Build.0 = Release|Any CPU
	EndGlobalSection
	GlobalSection(SolutionProperties) = preSolution
		HideSolutionNode = FALSE
	EndGlobalSection
	GlobalSection(NestedProjects) = preSolution
		{7A0C24E0-751D-438F-BE83-9AA5BDB10BA8} = {CE703277-4725-4D5D-8160-2635BC5D120A}
		{CE703277-4725-4D5D-8160-2635BC5D120A} = {CE2158F6-B13C-4C65-A3A9-4C1DF395A839}
		{A3E7F8A8-3426-496C-AE92-E007342282E3} = {CE2158F6-B13C-4C65-A3A9-4C1DF395A839}
		{C7A2ED20-4237-4974-BFA0-3238668F935D} = {A3E7F8A8-3426-496C-AE92-E007342282E3}
		{B094E984-1827-4985-8AAA-C943FF774567} = {A3E7F8A8-3426-496C-AE92-E007342282E3}
		{FE45765C-1E08-4807-91D6-156DC7CFDEF1} = {CE703277-4725-4D5D-8160-2635BC5D120A}
		{EEF0D308-DD14-4510-AC1D-E24B5855F045} = {CE703277-4725-4D5D-8160-2635BC5D120A}
		{3D113E03-C2D7-4721-9983-83542DE7D6F5} = {A3E7F8A8-3426-496C-AE92-E007342282E3}
		{B47A3281-C102-49E7-B192-EFFFEB85743E} = {CE703277-4725-4D5D-8160-2635BC5D120A}
		{C2E54AEF-1119-485B-A26E-2F7977FD91B7} = {A3E7F8A8-3426-496C-AE92-E007342282E3}
	EndGlobalSection
	GlobalSection(ExtensibilityGlobals) = postSolution
		SolutionGuid = {527A086F-EC46-443D-9775-C1C9BFB47B9D}
	EndGlobalSection
EndGlobal
